# This file is automatically @generated by Cargo.
# It is not intended for manual editing.
version = 4

[[package]]
name = "tronhawk-core"
version = "0.1.0"

[[package]]
name = "tronhawk-injector"
version = "0.1.0"

[[package]]
name = "tronhawk-ipc"
version = "0.1.0"

[[package]]
name = "tronhawk-package"
version = "0.1.0"

[[package]]
name = "tronhawk-runtime"
version = "0.1.0"
